
Microsoft Visual Studio Solution File, Format Version 12.00
# Visual Studio Version 17
VisualStudioVersion = 17.12.35506.116
MinimumVisualStudioVersion = 10.0.40219.1
Project("{FAE04EC0-301F-11D3-BF4B-00C04F79EFBC}") = "ProjetoTeste.Api", "src\ProjetoTeste.Api\ProjetoTeste.Api.csproj", "{835BC9AF-6339-4F59-9D8C-E6553E032FB5}"
	ProjectSection(ProjectDependencies) = postProject
		{70F9A174-2E61-4A2D-AE5B-3F41E265A7E2} = {70F9A174-2E61-4A2D-AE5B-3F41E265A7E2}
		{A6D9776F-2813-4280-B36B-840663A9B212} = {A6D9776F-2813-4280-B36B-840663A9B212}
	EndProjectSection
EndProject
Project("{FAE04EC0-301F-11D3-BF4B-00C04F79EFBC}") = "ProjetoTeste.Arguments", "src\ProjetoTeste.Arguments\ProjetoTeste.Arguments.csproj", "{70F9A174-2E61-4A2D-AE5B-3F41E265A7E2}"
EndProject
Project("{FAE04EC0-301F-11D3-BF4B-00C04F79EFBC}") = "ProjetoTeste.Infrastructure", "src\ProjetoTeste.Infrastructure\ProjetoTeste.Infrastructure.csproj", "{A6D9776F-2813-4280-B36B-840663A9B212}"
EndProject
Project("{FAE04EC0-301F-11D3-BF4B-00C04F79EFBC}") = "ProjetoTeste.Domain", "ProjetoTeste.Domain\ProjetoTeste.Domain.csproj", "{FF377BA9-7517-428E-A177-582EFF1F0542}"
	ProjectSection(ProjectDependencies) = postProject
		{70F9A174-2E61-4A2D-AE5B-3F41E265A7E2} = {70F9A174-2E61-4A2D-AE5B-3F41E265A7E2}
	EndProjectSection
EndProject
Global
	GlobalSection(SolutionConfigurationPlatforms) = preSolution
		Debug|Any CPU = Debug|Any CPU
		Release|Any CPU = Release|Any CPU
	EndGlobalSection
	GlobalSection(ProjectConfigurationPlatforms) = postSolution
		{835BC9AF-6339-4F59-9D8C-E6553E032FB5}.Debug|Any CPU.ActiveCfg = Debug|Any CPU
		{835BC9AF-6339-4F59-9D8C-E6553E032FB5}.Debug|Any CPU.Build.0 = Debug|Any CPU
		{835BC9AF-6339-4F59-9D8C-E6553E032FB5}.Release|Any CPU.ActiveCfg = Release|Any CPU
		{835BC9AF-6339-4F59-9D8C-E6553E032FB5}.Release|Any CPU.Build.0 = Release|Any CPU
		{70F9A174-2E61-4A2D-AE5B-3F41E265A7E2}.Debug|Any CPU.ActiveCfg = Debug|Any CPU
		{70F9A174-2E61-4A2D-AE5B-3F41E265A7E2}.Debug|Any CPU.Build.0 = Debug|Any CPU
		{70F9A174-2E61-4A2D-AE5B-3F41E265A7E2}.Release|Any CPU.ActiveCfg = Release|Any CPU
		{70F9A174-2E61-4A2D-AE5B-3F41E265A7E2}.Release|Any CPU.Build.0 = Release|Any CPU
		{A6D9776F-2813-4280-B36B-840663A9B212}.Debug|Any CPU.ActiveCfg = Debug|Any CPU
		{A6D9776F-2813-4280-B36B-840663A9B212}.Debug|Any CPU.Build.0 = Debug|Any CPU
		{A6D9776F-2813-4280-B36B-840663A9B212}.Release|Any CPU.ActiveCfg = Release|Any CPU
		{A6D9776F-2813-4280-B36B-840663A9B212}.Release|Any CPU.Build.0 = Release|Any CPU
		{FF377BA9-7517-428E-A177-582EFF1F0542}.Debug|Any CPU.ActiveCfg = Debug|Any CPU
		{FF377BA9-7517-428E-A177-582EFF1F0542}.Debug|Any CPU.Build.0 = Debug|Any CPU
		{FF377BA9-7517-428E-A177-582EFF1F0542}.Release|Any CPU.ActiveCfg = Release|Any CPU
		{FF377BA9-7517-428E-A177-582EFF1F0542}.Release|Any CPU.Build.0 = Release|Any CPU
	EndGlobalSection
	GlobalSection(SolutionProperties) = preSolution
		HideSolutionNode = FALSE
	EndGlobalSection
EndGlobal
